
Microsoft Visual Studio Solution File, Format Version 12.00
# Visual Studio Version 16
VisualStudioVersion = 16.0.28803.156
MinimumVisualStudioVersion = 10.0.40219.1
Project("{FAE04EC0-301F-11D3-BF4B-00C04F79EFBC}") = "ConfirmitTest", "ConfirmitTest\ConfirmitTest.csproj", "{2B0E7088-12F4-4AFE-BFD0-2059917757D1}"
EndProject
Project("{2150E333-8FDC-42A3-9474-1A3956D46DE8}") = "Solution Items", "Solution Items", "{8EBB9D77-CF13-4645-8EEA-EB7B8CCD5E3C}"
	ProjectSection(SolutionItems) = preProject
		.gitignore = .gitignore
	EndProjectSection
EndProject
Project("{FAE04EC0-301F-11D3-BF4B-00C04F79EFBC}") = "Tests", "Tests\Tests.csproj", "{A52F4A8F-D288-42A7-81CC-5AEBDA14DA8F}"
EndProject
Global
	GlobalSection(SolutionConfigurationPlatforms) = preSolution
		Debug|Any CPU = Debug|Any CPU
		Release|Any CPU = Release|Any CPU
	EndGlobalSection
	GlobalSection(ProjectConfigurationPlatforms) = postSolution
		{2B0E7088-12F4-4AFE-BFD0-2059917757D1}.Debug|Any CPU.ActiveCfg = Debug|Any CPU
		{2B0E7088-12F4-4AFE-BFD0-2059917757D1}.Debug|Any CPU.Build.0 = Debug|Any CPU
		{2B0E7088-12F4-4AFE-BFD0-2059917757D1}.Release|Any CPU.ActiveCfg = Release|Any CPU
		{2B0E7088-12F4-4AFE-BFD0-2059917757D1}.Release|Any CPU.Build.0 = Release|Any CPU
		{A52F4A8F-D288-42A7-81CC-5AEBDA14DA8F}.Debug|Any CPU.ActiveCfg = Debug|Any CPU
		{A52F4A8F-D288-42A7-81CC-5AEBDA14DA8F}.Debug|Any CPU.Build.0 = Debug|Any CPU
		{A52F4A8F-D288-42A7-81CC-5AEBDA14DA8F}.Release|Any CPU.ActiveCfg = Release|Any CPU
		{A52F4A8F-D288-42A7-81CC-5AEBDA14DA8F}.Release|Any CPU.Build.0 = Release|Any CPU
	EndGlobalSection
	GlobalSection(SolutionProperties) = preSolution
		HideSolutionNode = FALSE
	EndGlobalSection
	GlobalSection(ExtensibilityGlobals) = postSolution
		SolutionGuid = {C692ED61-58B2-487D-A34F-C79AD73A51B7}
	EndGlobalSection
EndGlobal
